
Microsoft Visual Studio Solution File, Format Version 12.00
# Visual Studio Version 16
VisualStudioVersion = 16.0.29424.173
MinimumVisualStudioVersion = 10.0.40219.1
Project("{9A19103F-16F7-4668-BE54-9A1E7A4F7556}") = "dpz3.AspNetCore3", "dpz3.AspNetCore3.csproj", "{DEE614B9-BC1E-42C7-B3E3-39A89724E024}"
EndProject
Project("{FAE04EC0-301F-11D3-BF4B-00C04F79EFBC}") = "dpz3.AspNetCore3.Demo", "..\dpz3.AspNetCore3.Demo\dpz3.AspNetCore3.Demo.csproj", "{129F7237-17E3-4021-9952-77E9FF740CC0}"
EndProject
Global
	GlobalSection(SolutionConfigurationPlatforms) = preSolution
		Debug|Any CPU = Debug|Any CPU
		Release|Any CPU = Release|Any CPU
	EndGlobalSection
	GlobalSection(ProjectConfigurationPlatforms) = postSolution
		{DEE614B9-BC1E-42C7-B3E3-39A89724E024}.Debug|Any CPU.ActiveCfg = Debug|Any CPU
		{DEE614B9-BC1E-42C7-B3E3-39A89724E024}.Debug|Any CPU.Build.0 = Debug|Any CPU
		{DEE614B9-BC1E-42C7-B3E3-39A89724E024}.Release|Any CPU.ActiveCfg = Release|Any CPU
		{DEE614B9-BC1E-42C7-B3E3-39A89724E024}.Release|Any CPU.Build.0 = Release|Any CPU
		{129F7237-17E3-4021-9952-77E9FF740CC0}.Debug|Any CPU.ActiveCfg = Debug|Any CPU
		{129F7237-17E3-4021-9952-77E9FF740CC0}.Debug|Any CPU.Build.0 = Debug|Any CPU
		{129F7237-17E3-4021-9952-77E9FF740CC0}.Release|Any CPU.ActiveCfg = Release|Any CPU
		{129F7237-17E3-4021-9952-77E9FF740CC0}.Release|Any CPU.Build.0 = Release|Any CPU
	EndGlobalSection
	GlobalSection(SolutionProperties) = preSolution
		HideSolutionNode = FALSE
	EndGlobalSection
	GlobalSection(ExtensibilityGlobals) = postSolution
		SolutionGuid = {9DE8033F-CE5F-479B-9AD0-F7A063F04961}
	EndGlobalSection
EndGlobal
