
Microsoft Visual Studio Solution File, Format Version 12.00
# Visual Studio Version 16
VisualStudioVersion = 16.0.29509.3
MinimumVisualStudioVersion = 10.0.40219.1
Project("{9A19103F-16F7-4668-BE54-9A1E7A4F7556}") = "dpz3.Jttp", "dpz3.Jttp.csproj", "{BE2F30A4-0677-421A-AFE8-51D89C5BD1A3}"
EndProject
Project("{FAE04EC0-301F-11D3-BF4B-00C04F79EFBC}") = "demo", "demo\demo\demo.csproj", "{4901FC82-BB2B-4EF2-A35F-4B3266EAEA4C}"
EndProject
Global
	GlobalSection(SolutionConfigurationPlatforms) = preSolution
		Debug|Any CPU = Debug|Any CPU
		Release|Any CPU = Release|Any CPU
	EndGlobalSection
	GlobalSection(ProjectConfigurationPlatforms) = postSolution
		{BE2F30A4-0677-421A-AFE8-51D89C5BD1A3}.Debug|Any CPU.ActiveCfg = Debug|Any CPU
		{BE2F30A4-0677-421A-AFE8-51D89C5BD1A3}.Debug|Any CPU.Build.0 = Debug|Any CPU
		{BE2F30A4-0677-421A-AFE8-51D89C5BD1A3}.Release|Any CPU.ActiveCfg = Release|Any CPU
		{BE2F30A4-0677-421A-AFE8-51D89C5BD1A3}.Release|Any CPU.Build.0 = Release|Any CPU
		{4901FC82-BB2B-4EF2-A35F-4B3266EAEA4C}.Debug|Any CPU.ActiveCfg = Debug|Any CPU
		{4901FC82-BB2B-4EF2-A35F-4B3266EAEA4C}.Debug|Any CPU.Build.0 = Debug|Any CPU
		{4901FC82-BB2B-4EF2-A35F-4B3266EAEA4C}.Release|Any CPU.ActiveCfg = Release|Any CPU
		{4901FC82-BB2B-4EF2-A35F-4B3266EAEA4C}.Release|Any CPU.Build.0 = Release|Any CPU
	EndGlobalSection
	GlobalSection(SolutionProperties) = preSolution
		HideSolutionNode = FALSE
	EndGlobalSection
	GlobalSection(ExtensibilityGlobals) = postSolution
		SolutionGuid = {FF105945-E691-40A1-8D09-98FECA4663D4}
	EndGlobalSection
EndGlobal
