
Microsoft Visual Studio Solution File, Format Version 12.00
# Visual Studio Version 16
VisualStudioVersion = 16.0.30114.105
MinimumVisualStudioVersion = 10.0.40219.1
Project("{FAE04EC0-301F-11D3-BF4B-00C04F79EFBC}") = "dpz3.Linux", "dpz3.Linux.csproj", "{8FD8EBE3-A353-411E-836E-54214577F754}"
EndProject
Project("{2150E333-8FDC-42A3-9474-1A3956D46DE8}") = "Solution Items", "Solution Items", "{5208D5CF-EF5F-40E3-BDB7-0F6569BBECD3}"
	ProjectSection(SolutionItems) = preProject
		.editorconfig = .editorconfig
	EndProjectSection
EndProject
Global
	GlobalSection(SolutionConfigurationPlatforms) = preSolution
		Debug|Any CPU = Debug|Any CPU
		Release|Any CPU = Release|Any CPU
	EndGlobalSection
	GlobalSection(ProjectConfigurationPlatforms) = postSolution
		{8FD8EBE3-A353-411E-836E-54214577F754}.Debug|Any CPU.ActiveCfg = Debug|Any CPU
		{8FD8EBE3-A353-411E-836E-54214577F754}.Debug|Any CPU.Build.0 = Debug|Any CPU
		{8FD8EBE3-A353-411E-836E-54214577F754}.Release|Any CPU.ActiveCfg = Release|Any CPU
		{8FD8EBE3-A353-411E-836E-54214577F754}.Release|Any CPU.Build.0 = Release|Any CPU
	EndGlobalSection
	GlobalSection(SolutionProperties) = preSolution
		HideSolutionNode = FALSE
	EndGlobalSection
	GlobalSection(ExtensibilityGlobals) = postSolution
		SolutionGuid = {A9F539BD-ABF5-4C43-AA9D-97918CEE1CB5}
	EndGlobalSection
EndGlobal
